{
  "name": "@jacckiety/date-time-utils",
  "version": "1.0.0",
  "lockfileVersion": 3,
  "requires": true,
  "packages": {
    "": {
      "name": "@jacckiety/date-time-utils",
      "version": "1.0.0",
      "license": "MIT",
      "dependencies": {
        "@jacckiety/mock-data-generator": "^1.0.1"
      }
    },
    "node_modules/@jacckiety/date-time-utils": {
      "version": "1.0.0",
      "resolved": "https://registry.npmjs.org/@jacckiety/date-time-utils/-/date-time-utils-1.0.0.tgz",
      "integrity": "sha512-QCc3VubpCtAVbbcdO1TXFwHSR9bkIMd+QRxqvBC0FDI9zbxAkgp6NPBBTWO8PWlDUXvR3wWXhJAB2qNvPolicA=="
    },
    "node_modules/@jacckiety/mock-data-generator": {
      "version": "1.0.1",
      "resolved": "https://registry.npmjs.org/@jacckiety/mock-data-generator/-/mock-data-generator-1.0.1.tgz",
      "integrity": "sha512-FdId2+6CX/WjudihWQxx/ET6IV4pBenXcIIHe0Cg91/p0hE7wWJicj6bg03LzzyS75UEfMuDD0IzcFCivbjcug==",
      "dependencies": {
        "@jacckiety/date-time-utils": "^1.0.0"
      }
    }
  }
}
